
Microsoft Visual Studio Solution File, Format Version 12.00
Project("{FAE04EC0-301F-11D3-BF4B-00C04F79EFBC}") = "Itok.Orleans.StorageProvider", "Itok.Orleans.StorageProvider\Itok.Orleans.StorageProvider.csproj", "{A0666322-3C59-4340-A24E-D5BBEF323E2B}"
EndProject
Project("{FAE04EC0-301F-11D3-BF4B-00C04F79EFBC}") = "Itok.Orleans.HelloWorld", "Itok.Orleans.HelloWorld\Itok.Orleans.HelloWorld.csproj", "{409F02F9-D55E-4A16-ADC6-E5A2D632DBD6}"
EndProject
Global
	GlobalSection(SolutionConfigurationPlatforms) = preSolution
		Debug|Any CPU = Debug|Any CPU
		Release|Any CPU = Release|Any CPU
	EndGlobalSection
	GlobalSection(ProjectConfigurationPlatforms) = postSolution
		{A0666322-3C59-4340-A24E-D5BBEF323E2B}.Debug|Any CPU.ActiveCfg = Debug|Any CPU
		{A0666322-3C59-4340-A24E-D5BBEF323E2B}.Debug|Any CPU.Build.0 = Debug|Any CPU
		{A0666322-3C59-4340-A24E-D5BBEF323E2B}.Release|Any CPU.ActiveCfg = Release|Any CPU
		{A0666322-3C59-4340-A24E-D5BBEF323E2B}.Release|Any CPU.Build.0 = Release|Any CPU
		{409F02F9-D55E-4A16-ADC6-E5A2D632DBD6}.Debug|Any CPU.ActiveCfg = Debug|Any CPU
		{409F02F9-D55E-4A16-ADC6-E5A2D632DBD6}.Debug|Any CPU.Build.0 = Debug|Any CPU
		{409F02F9-D55E-4A16-ADC6-E5A2D632DBD6}.Release|Any CPU.ActiveCfg = Release|Any CPU
		{409F02F9-D55E-4A16-ADC6-E5A2D632DBD6}.Release|Any CPU.Build.0 = Release|Any CPU
	EndGlobalSection
EndGlobal
